PODS:
  - IQKeyboardManagerSwift (6.5.10)
  - sestek-webchat-ios (0.0.1):
    - IQKeyboardManagerSwift (~> 6.5.10)

DEPENDENCIES:
  - sestek-webchat-ios (from `/Users/omersezer/Desktop/github-projects/sestek-chatbot-lib`)

SPEC REPOS:
  trunk:
    - IQKeyboardManagerSwift

EXTERNAL SOURCES:
  sestek-webchat-ios:
    :path: "/Users/omersezer/Desktop/github-projects/sestek-chatbot-lib"

SPEC CHECKSUMS:
  IQKeyboardManagerSwift: 52962c76ab33532f15ad9f3ff4e5715eda5335bb
  sestek-webchat-ios: d95ad9aebcb2a6e28c4d998dafeebe11a3ee01ab

PODFILE CHECKSUM: ea3c2a9dbc91d208ae6372b855473018f8987a02

COCOAPODS: 1.11.3
